
Microsoft Visual Studio Solution File, Format Version 12.00
# Visual Studio Version 17
VisualStudioVersion = 17.4.33103.184
MinimumVisualStudioVersion = 10.0.40219.1
Project("{FAE04EC0-301F-11D3-BF4B-00C04F79EFBC}") = "ConsoleApp1", "ConsoleApp1.csproj", "{375F617D-C8E7-4DD9-8942-735F1DABB022}"
EndProject
Global
	GlobalSection(SolutionConfigurationPlatforms) = preSolution
		Debug|Any CPU = Debug|Any CPU
		Release|Any CPU = Release|Any CPU
	EndGlobalSection
	GlobalSection(ProjectConfigurationPlatforms) = postSolution
		{375F617D-C8E7-4DD9-8942-735F1DABB022}.Debug|Any CPU.ActiveCfg = Debug|Any CPU
		{375F617D-C8E7-4DD9-8942-735F1DABB022}.Debug|Any CPU.Build.0 = Debug|Any CPU
		{375F617D-C8E7-4DD9-8942-735F1DABB022}.Release|Any CPU.ActiveCfg = Release|Any CPU
		{375F617D-C8E7-4DD9-8942-735F1DABB022}.Release|Any CPU.Build.0 = Release|Any CPU
	EndGlobalSection
	GlobalSection(SolutionProperties) = preSolution
		HideSolutionNode = FALSE
	EndGlobalSection
	GlobalSection(ExtensibilityGlobals) = postSolution
		SolutionGuid = {A32C6CC4-745D-444C-9589-D67C867CB69D}
	EndGlobalSection
EndGlobal
