
Microsoft Visual Studio Solution File, Format Version 12.00
# Visual Studio Version 17
VisualStudioVersion = 17.4.33103.184
MinimumVisualStudioVersion = 10.0.40219.1
Project("{FAE04EC0-301F-11D3-BF4B-00C04F79EFBC}") = "Project11-28", "Project11-28.csproj", "{D978EA49-67B1-49CE-9CE4-726332251D1F}"
EndProject
Global
	GlobalSection(SolutionConfigurationPlatforms) = preSolution
		Debug|Any CPU = Debug|Any CPU
		Release|Any CPU = Release|Any CPU
	EndGlobalSection
	GlobalSection(ProjectConfigurationPlatforms) = postSolution
		{D978EA49-67B1-49CE-9CE4-726332251D1F}.Debug|Any CPU.ActiveCfg = Debug|Any CPU
		{D978EA49-67B1-49CE-9CE4-726332251D1F}.Debug|Any CPU.Build.0 = Debug|Any CPU
		{D978EA49-67B1-49CE-9CE4-726332251D1F}.Release|Any CPU.ActiveCfg = Release|Any CPU
		{D978EA49-67B1-49CE-9CE4-726332251D1F}.Release|Any CPU.Build.0 = Release|Any CPU
	EndGlobalSection
	GlobalSection(SolutionProperties) = preSolution
		HideSolutionNode = FALSE
	EndGlobalSection
	GlobalSection(ExtensibilityGlobals) = postSolution
		SolutionGuid = {466CB25B-E1E9-4175-AE05-0DD868FE630C}
	EndGlobalSection
EndGlobal
